{
    "_readme": [
        "This file locks the dependencies of your project to a known state",
        "Read more about it at https://getcomposer.org/doc/01-basic-usage.md#installing-dependencies",
        "This file is @generated automatically"
    ],
    "content-hash": "544246aec3ee268bc499ad1977b8b312",
    "packages": [
        {
            "name": "collei/collection",
            "version": "v1.0.0",
            "source": {
                "type": "git",
                "url": "https://github.com/collei/collection.git",
                "reference": "bf5844cd9a9c3b997883fe060542a4083a7fcadf"
            },
            "dist": {
                "type": "zip",
                "url": "https://api.github.com/repos/collei/collection/zipball/bf5844cd9a9c3b997883fe060542a4083a7fcadf",
                "reference": "bf5844cd9a9c3b997883fe060542a4083a7fcadf",
                "shasum": ""
            },
            "require": {
                "ext-mbstring": "*",
                "php": "^7.0 || ^8.0"
            },
            "type": "library",
            "autoload": {
                "psr-4": {
                    "Collei\\": "src"
                },
                "files": [
                    "src/helpers.php",
                    "src/polyfills.php"
                ]
            },
            "license": [
                "MIT"
            ],
            "authors": [
                {
                    "name": "Al Ju",
                    "email": "alarido.su@gmail.com"
                }
            ],
            "description": "a Laravel-inspired Collection class, based upon internal PHP functions and itselves.",
            "keywords": [
                "collection"
            ],
            "support": {
                "source": "https://github.com/collei/collection/tree/v1.0.0",
                "issues": "https://github.com/collei/collection/issues"
            },
            "time": "2026-05-30T18:07:41+00:00"
        },
        {
            "name": "psr/log",
            "version": "3.0.2",
            "source": {
                "type": "git",
                "url": "https://github.com/php-fig/log.git",
                "reference": "f16e1d5863e37f8d8c2a01719f5b34baa2b714d3"
            },
            "dist": {
                "type": "zip",
                "url": "https://api.github.com/repos/php-fig/log/zipball/f16e1d5863e37f8d8c2a01719f5b34baa2b714d3",
                "reference": "f16e1d5863e37f8d8c2a01719f5b34baa2b714d3",
                "shasum": ""
            },
            "require": {
                "php": ">=8.0.0"
            },
            "type": "library",
            "extra": {
                "branch-alias": {
                    "dev-master": "3.x-dev"
                }
            },
            "autoload": {
                "psr-4": {
                    "Psr\\Log\\": "src"
                }
            },
            "notification-url": "https://packagist.org/downloads/",
            "license": [
                "MIT"
            ],
            "authors": [
                {
                    "name": "PHP-FIG",
                    "homepage": "https://www.php-fig.org/"
                }
            ],
            "description": "Common interface for logging libraries",
            "homepage": "https://github.com/php-fig/log",
            "keywords": [
                "log",
                "psr",
                "psr-3"
            ],
            "support": {
                "source": "https://github.com/php-fig/log/tree/3.0.2"
            },
            "time": "2024-09-11T13:17:53+00:00"
        }
    ],
    "packages-dev": [],
    "aliases": [],
    "minimum-stability": "stable",
    "stability-flags": [],
    "prefer-stable": false,
    "prefer-lowest": false,
    "platform": {
        "php": "^8.0"
    },
    "platform-dev": [],
    "plugin-api-version": "2.3.0"
}
